<Solution>
  <Folder Name="/plugins/" />
  <Folder Name="/plugins/Example/">
    <Project Path="plugins/Example/ArcheaAge.Plugins.Example.csproj" />
  </Folder>
  <Folder Name="/apps/registry/">
    <Project Path="apps/registry/ArcheaAge.Registry.csproj" />
  </Folder>
  <Folder Name="/sdk/">
    <Project Path="sdk/ArcheaAge.Sdk.csproj" />
  </Folder>
</Solution>
